
Microsoft Visual Studio Solution File, Format Version 12.00
# Visual Studio Version 16
VisualStudioVersion = 16.0.30320.27
MinimumVisualStudioVersion = 10.0.40219.1
Project("{FAE04EC0-301F-11D3-BF4B-00C04F79EFBC}") = "GestionCajas", "GestionCajas\GestionCajas.csproj", "{253C759A-843B-4633-A992-17DBA15789FB}"
EndProject
Global
	GlobalSection(SolutionConfigurationPlatforms) = preSolution
		Debug|Any CPU = Debug|Any CPU
		Release|Any CPU = Release|Any CPU
	EndGlobalSection
	GlobalSection(ProjectConfigurationPlatforms) = postSolution
		{253C759A-843B-4633-A992-17DBA15789FB}.Debug|Any CPU.ActiveCfg = Debug|Any CPU
		{253C759A-843B-4633-A992-17DBA15789FB}.Debug|Any CPU.Build.0 = Debug|Any CPU
		{253C759A-843B-4633-A992-17DBA15789FB}.Release|Any CPU.ActiveCfg = Release|Any CPU
		{253C759A-843B-4633-A992-17DBA15789FB}.Release|Any CPU.Build.0 = Release|Any CPU
	EndGlobalSection
	GlobalSection(SolutionProperties) = preSolution
		HideSolutionNode = FALSE
	EndGlobalSection
	GlobalSection(ExtensibilityGlobals) = postSolution
		SolutionGuid = {FD7C2583-FC6E-45D1-9E35-213450CA5BBA}
	EndGlobalSection
EndGlobal
